// !$*UTF8*$!
{
	archiveVersion = 1;
	classes = {
	};
	objectVersion = 46;
	objects = {

/* Begin PBXBuildFile section */
		D50C2A091CB249CD00ED6A29 /* Assets.xcassets in Resources */ = {isa = PBXBuildFile; fileRef = D50C2A081CB249CD00ED6A29 /* Assets.xcassets */; };
		D50C2A0C1CB249CD00ED6A29 /* LaunchScreen.storyboard in Resources */ = {isa = PBXBuildFile; fileRef = D50C2A0A1CB249CD00ED6A29 /* LaunchScreen.storyboard */; };
		D520BDF21CBFE70F008092D2 /* Button.swift in Sources */ = {isa = PBXBuildFile; fileRef = D520BDF11CBFE70F008092D2 /* Button.swift */; };
		D520BDF61CBFE743008092D2 /* InnovectoActionButton.swift in Sources */ = {isa = PBXBuildFile; fileRef = D520BDF31CBFE743008092D2 /* InnovectoActionButton.swift */; };
		D520BDF71CBFE743008092D2 /* InnovectoButton.swift in Sources */ = {isa = PBXBuildFile; fileRef = D520BDF41CBFE743008092D2 /* InnovectoButton.swift */; };
		D520BDF81CBFE743008092D2 /* InnovectoTextField.swift in Sources */ = {isa = PBXBuildFile; fileRef = D520BDF51CBFE743008092D2 /* InnovectoTextField.swift */; };
		D520BDFA1CBFE74F008092D2 /* PKNotification.swift in Sources */ = {isa = PBXBuildFile; fileRef = D520BDF91CBFE74F008092D2 /* PKNotification.swift */; };
		D520BDFF1CBFE78C008092D2 /* gotham-rounded-bold.otf in Resources */ = {isa = PBXBuildFile; fileRef = D520BDFB1CBFE78C008092D2 /* gotham-rounded-bold.otf */; };
		D520BE001CBFE78C008092D2 /* gotham-rounded-book.otf in Resources */ = {isa = PBXBuildFile; fileRef = D520BDFC1CBFE78C008092D2 /* gotham-rounded-book.otf */; };
		D520BE011CBFE78C008092D2 /* gotham-rounded-light.otf in Resources */ = {isa = PBXBuildFile; fileRef = D520BDFD1CBFE78C008092D2 /* gotham-rounded-light.otf */; };
		D520BE021CBFE78C008092D2 /* gotham-rounded-medium.otf in Resources */ = {isa = PBXBuildFile; fileRef = D520BDFE1CBFE78C008092D2 /* gotham-rounded-medium.otf */; };
		D520BE071CBFE7BA008092D2 /* BaseViewController.swift in Sources */ = {isa = PBXBuildFile; fileRef = D520BE051CBFE7BA008092D2 /* BaseViewController.swift */; };
		D520BE081CBFE7BA008092D2 /* ViewController.swift in Sources */ = {isa = PBXBuildFile; fileRef = D520BE061CBFE7BA008092D2 /* ViewController.swift */; };
		D520BE0A1CBFE7C7008092D2 /* Global.swift in Sources */ = {isa = PBXBuildFile; fileRef = D520BE091CBFE7C7008092D2 /* Global.swift */; };
		D520BE0C1CBFE7D2008092D2 /* AppDelegate.swift in Sources */ = {isa = PBXBuildFile; fileRef = D520BE0B1CBFE7D2008092D2 /* AppDelegate.swift */; };
		D520BE0E1CBFE820008092D2 /* InnovectoLabel.swift in Sources */ = {isa = PBXBuildFile; fileRef = D520BE0D1CBFE820008092D2 /* InnovectoLabel.swift */; };
		D520BE111CBFE89D008092D2 /* Tutorials.xcdatamodeld in Sources */ = {isa = PBXBuildFile; fileRef = D520BE0F1CBFE89D008092D2 /* Tutorials.xcdatamodeld */; };
		D520BE171CBFE908008092D2 /* Info.plist in Resources */ = {isa = PBXBuildFile; fileRef = D520BE161CBFE908008092D2 /* Info.plist */; };
		E0C23C912BF217472F90324B /* Pods_Tutorials.framework in Frameworks */ = {isa = PBXBuildFile; fileRef = 9BB28CAF4946D5BFCF964721 /* Pods_Tutorials.framework */; };
/* End PBXBuildFile section */

/* Begin PBXFileReference section */
		38EAAD1C912DACFF87B71FB6 /* Pods-Tutorials.release.xcconfig */ = {isa = PBXFileReference; includeInIndex = 1; lastKnownFileType = text.xcconfig; name = "Pods-Tutorials.release.xcconfig"; path = "Pods/Target Support Files/Pods-Tutorials/Pods-Tutorials.release.xcconfig"; sourceTree = "<group>"; };
		9BB28CAF4946D5BFCF964721 /* Pods_Tutorials.framework */ = {isa = PBXFileReference; explicitFileType = wrapper.framework; includeInIndex = 0; path = Pods_Tutorials.framework; sourceTree = BUILT_PRODUCTS_DIR; };
		9D8FF50202707B1443C75D95 /* Pods-Tutorials.debug.xcconfig */ = {isa = PBXFileReference; includeInIndex = 1; lastKnownFileType = text.xcconfig; name = "Pods-Tutorials.debug.xcconfig"; path = "Pods/Target Support Files/Pods-Tutorials/Pods-Tutorials.debug.xcconfig"; sourceTree = "<group>"; };
		D50C29FB1CB249CC00ED6A29 /* Tutorials.app */ = {isa = PBXFileReference; explicitFileType = wrapper.application; includeInIndex = 0; path = Tutorials.app; sourceTree = BUILT_PRODUCTS_DIR; };
		D50C2A081CB249CD00ED6A29 /* Assets.xcassets */ = {isa = PBXFileReference; lastKnownFileType = folder.assetcatalog; path = Assets.xcassets; sourceTree = "<group>"; };
		D50C2A0B1CB249CD00ED6A29 /* Base */ = {isa = PBXFileReference; lastKnownFileType = file.storyboard; name = Base; path = Base.lproj/LaunchScreen.storyboard; sourceTree = "<group>"; };
		D520BDF11CBFE70F008092D2 /* Button.swift */ = {isa = PBXFileReference; fileEncoding = 4; lastKnownFileType = sourcecode.swift; name = Button.swift; path = Application/Properties/Button.swift; sourceTree = "<group>"; };
		D520BDF31CBFE743008092D2 /* InnovectoActionButton.swift */ = {isa = PBXFileReference; fileEncoding = 4; lastKnownFileType = sourcecode.swift; name = InnovectoActionButton.swift; path = Application/Library/Innovecto/InnovectoActionButton.swift; sourceTree = "<group>"; };
		D520BDF41CBFE743008092D2 /* InnovectoButton.swift */ = {isa = PBXFileReference; fileEncoding = 4; lastKnownFileType = sourcecode.swift; name = InnovectoButton.swift; path = Application/Library/Innovecto/InnovectoButton.swift; sourceTree = "<group>"; };
		D520BDF51CBFE743008092D2 /* InnovectoTextField.swift */ = {isa = PBXFileReference; fileEncoding = 4; lastKnownFileType = sourcecode.swift; name = InnovectoTextField.swift; path = Application/Library/Innovecto/InnovectoTextField.swift; sourceTree = "<group>"; };
		D520BDF91CBFE74F008092D2 /* PKNotification.swift */ = {isa = PBXFileReference; fileEncoding = 4; lastKnownFileType = sourcecode.swift; name = PKNotification.swift; path = Application/Library/PKNotification.swift; sourceTree = "<group>"; };
		D520BDFB1CBFE78C008092D2 /* gotham-rounded-bold.otf */ = {isa = PBXFileReference; lastKnownFileType = file; name = "gotham-rounded-bold.otf"; path = "Resources/Fonts/gotham/gotham-rounded-bold.otf"; sourceTree = "<group>"; };
		D520BDFC1CBFE78C008092D2 /* gotham-rounded-book.otf */ = {isa = PBXFileReference; lastKnownFileType = file; name = "gotham-rounded-book.otf"; path = "Resources/Fonts/gotham/gotham-rounded-book.otf"; sourceTree = "<group>"; };
		D520BDFD1CBFE78C008092D2 /* gotham-rounded-light.otf */ = {isa = PBXFileReference; lastKnownFileType = file; name = "gotham-rounded-light.otf"; path = "Resources/Fonts/gotham/gotham-rounded-light.otf"; sourceTree = "<group>"; };
		D520BDFE1CBFE78C008092D2 /* gotham-rounded-medium.otf */ = {isa = PBXFileReference; lastKnownFileType = file; name = "gotham-rounded-medium.otf"; path = "Resources/Fonts/gotham/gotham-rounded-medium.otf"; sourceTree = "<group>"; };
		D520BE051CBFE7BA008092D2 /* BaseViewController.swift */ = {isa = PBXFileReference; fileEncoding = 4; lastKnownFileType = sourcecode.swift; name = BaseViewController.swift; path = Application/Controller/BaseViewController.swift; sourceTree = "<group>"; };
		D520BE061CBFE7BA008092D2 /* ViewController.swift */ = {isa = PBXFileReference; fileEncoding = 4; lastKnownFileType = sourcecode.swift; name = ViewController.swift; path = Application/Controller/ViewController.swift; sourceTree = "<group>"; };
		D520BE091CBFE7C7008092D2 /* Global.swift */ = {isa = PBXFileReference; fileEncoding = 4; lastKnownFileType = sourcecode.swift; name = Global.swift; path = Application/Global/Global.swift; sourceTree = "<group>"; };
		D520BE0B1CBFE7D2008092D2 /* AppDelegate.swift */ = {isa = PBXFileReference; fileEncoding = 4; lastKnownFileType = sourcecode.swift; name = AppDelegate.swift; path = Application/Core/AppDelegate.swift; sourceTree = "<group>"; };
		D520BE0D1CBFE820008092D2 /* InnovectoLabel.swift */ = {isa = PBXFileReference; fileEncoding = 4; lastKnownFileType = sourcecode.swift; name = InnovectoLabel.swift; path = Application/Library/InnovectoLabel.swift; sourceTree = "<group>"; };
		D520BE101CBFE89D008092D2 /* Tutorials.xcdatamodel */ = {isa = PBXFileReference; lastKnownFileType = wrapper.xcdatamodel; path = Tutorials.xcdatamodel; sourceTree = "<group>"; };
		D520BE161CBFE908008092D2 /* Info.plist */ = {isa = PBXFileReference; fileEncoding = 4; lastKnownFileType = text.plist.xml; name = Info.plist; path = Others/Info.plist; sourceTree = "<group>"; };
/* End PBXFileReference section */

/* Begin PBXFrameworksBuildPhase section */
		D50C29F81CB249CC00ED6A29 /* Frameworks */ = {
			isa = PBXFrameworksBuildPhase;
			buildActionMask = 2147483647;
			files = (
				E0C23C912BF217472F90324B /* Pods_Tutorials.framework in Frameworks */,
			);
			runOnlyForDeploymentPostprocessing = 0;
		};
/* End PBXFrameworksBuildPhase section */

/* Begin PBXGroup section */
		50A3CDA4080901793E3E3AA3 /* Pods */ = {
			isa = PBXGroup;
			children = (
				9D8FF50202707B1443C75D95 /* Pods-Tutorials.debug.xcconfig */,
				38EAAD1C912DACFF87B71FB6 /* Pods-Tutorials.release.xcconfig */,
			);
			name = Pods;
			sourceTree = "<group>";
		};
		9AE60336E47C0C5CC7E74056 /* Frameworks */ = {
			isa = PBXGroup;
			children = (
				9BB28CAF4946D5BFCF964721 /* Pods_Tutorials.framework */,
			);
			name = Frameworks;
			sourceTree = "<group>";
		};
		D50C29F21CB249CC00ED6A29 = {
			isa = PBXGroup;
			children = (
				D50C29FD1CB249CC00ED6A29 /* Tutorials */,
				D50C29FC1CB249CC00ED6A29 /* Products */,
				50A3CDA4080901793E3E3AA3 /* Pods */,
				9AE60336E47C0C5CC7E74056 /* Frameworks */,
			);
			sourceTree = "<group>";
		};
		D50C29FC1CB249CC00ED6A29 /* Products */ = {
			isa = PBXGroup;
			children = (
				D50C29FB1CB249CC00ED6A29 /* Tutorials.app */,
			);
			name = Products;
			sourceTree = "<group>";
		};
		D50C29FD1CB249CC00ED6A29 /* Tutorials */ = {
			isa = PBXGroup;
			children = (
				D5756F401CB24E52005ED719 /* Application */,
				D5756F431CB24E89005ED719 /* Resources */,
				D5756F441CB24FC4005ED719 /* Others */,
				D50C2A081CB249CD00ED6A29 /* Assets.xcassets */,
			);
			path = Tutorials;
			sourceTree = "<group>";
		};
		D520BDEE1CBFE520008092D2 /* Properties */ = {
			isa = PBXGroup;
			children = (
				D520BDF11CBFE70F008092D2 /* Button.swift */,
			);
			name = Properties;
			sourceTree = "<group>";
		};
		D5756F401CB24E52005ED719 /* Application */ = {
			isa = PBXGroup;
			children = (
				D5756F421CB24E78005ED719 /* Core */,
				D5756F451CB252FF005ED719 /* Global */,
				D5756F411CB24E5C005ED719 /* Controllers */,
				D5FB0ADA1CBFDFB900B032ED /* Models */,
				D5756F631CB29027005ED719 /* Views */,
				D5F5C3EA1CB2CDD5006A5670 /* Library */,
				D520BDEE1CBFE520008092D2 /* Properties */,
			);
			name = Application;
			sourceTree = "<group>";
		};
		D5756F411CB24E5C005ED719 /* Controllers */ = {
			isa = PBXGroup;
			children = (
				D520BE051CBFE7BA008092D2 /* BaseViewController.swift */,
				D520BE061CBFE7BA008092D2 /* ViewController.swift */,
			);
			name = Controllers;
			sourceTree = "<group>";
		};
		D5756F421CB24E78005ED719 /* Core */ = {
			isa = PBXGroup;
			children = (
				D520BE0B1CBFE7D2008092D2 /* AppDelegate.swift */,
			);
			name = Core;
			sourceTree = "<group>";
		};
		D5756F431CB24E89005ED719 /* Resources */ = {
			isa = PBXGroup;
			children = (
				D5756F481CB25BEA005ED719 /* Fonts */,
			);
			name = Resources;
			sourceTree = "<group>";
		};
		D5756F441CB24FC4005ED719 /* Others */ = {
			isa = PBXGroup;
			children = (
				D520BE161CBFE908008092D2 /* Info.plist */,
				D50C2A0A1CB249CD00ED6A29 /* LaunchScreen.storyboard */,
				D520BE0F1CBFE89D008092D2 /* Tutorials.xcdatamodeld */,
			);
			name = Others;
			sourceTree = "<group>";
		};
		D5756F451CB252FF005ED719 /* Global */ = {
			isa = PBXGroup;
			children = (
				D520BE091CBFE7C7008092D2 /* Global.swift */,
			);
			name = Global;
			sourceTree = "<group>";
		};
		D5756F481CB25BEA005ED719 /* Fonts */ = {
			isa = PBXGroup;
			children = (
				D5FB0AD91CBFDF1200B032ED /* Gotham */,
			);
			name = Fonts;
			sourceTree = "<group>";
		};
		D5756F631CB29027005ED719 /* Views */ = {
			isa = PBXGroup;
			children = (
			);
			name = Views;
			sourceTree = "<group>";
		};
		D5F5C3EA1CB2CDD5006A5670 /* Library */ = {
			isa = PBXGroup;
			children = (
				D5FB0ADB1CBFE2D900B032ED /* Innovecto */,
				D520BDF91CBFE74F008092D2 /* PKNotification.swift */,
			);
			name = Library;
			sourceTree = "<group>";
		};
		D5FB0AD91CBFDF1200B032ED /* Gotham */ = {
			isa = PBXGroup;
			children = (
				D520BDFB1CBFE78C008092D2 /* gotham-rounded-bold.otf */,
				D520BDFC1CBFE78C008092D2 /* gotham-rounded-book.otf */,
				D520BDFD1CBFE78C008092D2 /* gotham-rounded-light.otf */,
				D520BDFE1CBFE78C008092D2 /* gotham-rounded-medium.otf */,
			);
			name = Gotham;
			sourceTree = "<group>";
		};
		D5FB0ADA1CBFDFB900B032ED /* Models */ = {
			isa = PBXGroup;
			children = (
			);
			name = Models;
			sourceTree = "<group>";
		};
		D5FB0ADB1CBFE2D900B032ED /* Innovecto */ = {
			isa = PBXGroup;
			children = (
				D520BE0D1CBFE820008092D2 /* InnovectoLabel.swift */,
				D520BDF31CBFE743008092D2 /* InnovectoActionButton.swift */,
				D520BDF41CBFE743008092D2 /* InnovectoButton.swift */,
				D520BDF51CBFE743008092D2 /* InnovectoTextField.swift */,
			);
			name = Innovecto;
			sourceTree = "<group>";
		};
/* End PBXGroup section */

/* Begin PBXNativeTarget section */
		D50C29FA1CB249CC00ED6A29 /* Tutorials */ = {
			isa = PBXNativeTarget;
			buildConfigurationList = D50C2A101CB249CD00ED6A29 /* Build configuration list for PBXNativeTarget "Tutorials" */;
			buildPhases = (
				0126F121CEF488053AC11783 /* Check Pods Manifest.lock */,
				D50C29F71CB249CC00ED6A29 /* Sources */,
				D50C29F81CB249CC00ED6A29 /* Frameworks */,
				D50C29F91CB249CC00ED6A29 /* Resources */,
				7875029CBBD16BEEC9A70366 /* Embed Pods Frameworks */,
				A71E278360A3CD0EF84D8A56 /* Copy Pods Resources */,
			);
			buildRules = (
			);
			dependencies = (
			);
			name = Tutorials;
			productName = Tutorials;
			productReference = D50C29FB1CB249CC00ED6A29 /* Tutorials.app */;
			productType = "com.apple.product-type.application";
		};
/* End PBXNativeTarget section */

/* Begin PBXProject section */
		D50C29F31CB249CC00ED6A29 /* Project object */ = {
			isa = PBXProject;
			attributes = {
				LastSwiftUpdateCheck = 0720;
				LastUpgradeCheck = 0720;
				ORGANIZATIONNAME = "Innovecto iOS";
				TargetAttributes = {
					D50C29FA1CB249CC00ED6A29 = {
						CreatedOnToolsVersion = 7.2.1;
					};
				};
			};
			buildConfigurationList = D50C29F61CB249CC00ED6A29 /* Build configuration list for PBXProject "Tutorials" */;
			compatibilityVersion = "Xcode 3.2";
			developmentRegion = English;
			hasScannedForEncodings = 0;
			knownRegions = (
				en,
				Base,
			);
			mainGroup = D50C29F21CB249CC00ED6A29;
			productRefGroup = D50C29FC1CB249CC00ED6A29 /* Products */;
			projectDirPath = "";
			projectRoot = "";
			targets = (
				D50C29FA1CB249CC00ED6A29 /* Tutorials */,
			);
		};
/* End PBXProject section */

/* Begin PBXResourcesBuildPhase section */
		D50C29F91CB249CC00ED6A29 /* Resources */ = {
			isa = PBXResourcesBuildPhase;
			buildActionMask = 2147483647;
			files = (
				D520BE171CBFE908008092D2 /* Info.plist in Resources */,
				D520BE001CBFE78C008092D2 /* gotham-rounded-book.otf in Resources */,
				D50C2A0C1CB249CD00ED6A29 /* LaunchScreen.storyboard in Resources */,
				D520BE021CBFE78C008092D2 /* gotham-rounded-medium.otf in Resources */,
				D520BE011CBFE78C008092D2 /* gotham-rounded-light.otf in Resources */,
				D50C2A091CB249CD00ED6A29 /* Assets.xcassets in Resources */,
				D520BDFF1CBFE78C008092D2 /* gotham-rounded-bold.otf in Resources */,
			);
			runOnlyForDeploymentPostprocessing = 0;
		};
/* End PBXResourcesBuildPhase section */

/* Begin PBXShellScriptBuildPhase section */
		0126F121CEF488053AC11783 /* Check Pods Manifest.lock */ = {
			isa = PBXShellScriptBuildPhase;
			buildActionMask = 2147483647;
			files = (
			);
			inputPaths = (
			);
			name = "Check Pods Manifest.lock";
			outputPaths = (
			);
			runOnlyForDeploymentPostprocessing = 0;
			shellPath = /bin/sh;
			shellScript = "diff \"${PODS_ROOT}/../Podfile.lock\" \"${PODS_ROOT}/Manifest.lock\" > /dev/null\nif [[ $? != 0 ]] ; then\n    cat << EOM\nerror: The sandbox is not in sync with the Podfile.lock. Run 'pod install' or update your CocoaPods installation.\nEOM\n    exit 1\nfi\n";
			showEnvVarsInLog = 0;
		};
		7875029CBBD16BEEC9A70366 /* Embed Pods Frameworks */ = {
			isa = PBXShellScriptBuildPhase;
			buildActionMask = 2147483647;
			files = (
			);
			inputPaths = (
			);
			name = "Embed Pods Frameworks";
			outputPaths = (
			);
			runOnlyForDeploymentPostprocessing = 0;
			shellPath = /bin/sh;
			shellScript = "\"${SRCROOT}/Pods/Target Support Files/Pods-Tutorials/Pods-Tutorials-frameworks.sh\"\n";
			showEnvVarsInLog = 0;
		};
		A71E278360A3CD0EF84D8A56 /* Copy Pods Resources */ = {
			isa = PBXShellScriptBuildPhase;
			buildActionMask = 2147483647;
			files = (
			);
			inputPaths = (
			);
			name = "Copy Pods Resources";
			outputPaths = (
			);
			runOnlyForDeploymentPostprocessing = 0;
			shellPath = /bin/sh;
			shellScript = "\"${SRCROOT}/Pods/Target Support Files/Pods-Tutorials/Pods-Tutorials-resources.sh\"\n";
			showEnvVarsInLog = 0;
		};
/* End PBXShellScriptBuildPhase section */

/* Begin PBXSourcesBuildPhase section */
		D50C29F71CB249CC00ED6A29 /* Sources */ = {
			isa = PBXSourcesBuildPhase;
			buildActionMask = 2147483647;
			files = (
				D520BE0E1CBFE820008092D2 /* InnovectoLabel.swift in Sources */,
				D520BE111CBFE89D008092D2 /* Tutorials.xcdatamodeld in Sources */,
				D520BE0C1CBFE7D2008092D2 /* AppDelegate.swift in Sources */,
				D520BE071CBFE7BA008092D2 /* BaseViewController.swift in Sources */,
				D520BDF71CBFE743008092D2 /* InnovectoButton.swift in Sources */,
				D520BDFA1CBFE74F008092D2 /* PKNotification.swift in Sources */,
				D520BE081CBFE7BA008092D2 /* ViewController.swift in Sources */,
				D520BE0A1CBFE7C7008092D2 /* Global.swift in Sources */,
				D520BDF81CBFE743008092D2 /* InnovectoTextField.swift in Sources */,
				D520BDF61CBFE743008092D2 /* InnovectoActionButton.swift in Sources */,
				D520BDF21CBFE70F008092D2 /* Button.swift in Sources */,
			);
			runOnlyForDeploymentPostprocessing = 0;
		};
/* End PBXSourcesBuildPhase section */

/* Begin PBXVariantGroup section */
		D50C2A0A1CB249CD00ED6A29 /* LaunchScreen.storyboard */ = {
			isa = PBXVariantGroup;
			children = (
				D50C2A0B1CB249CD00ED6A29 /* Base */,
			);
			name = LaunchScreen.storyboard;
			sourceTree = "<group>";
		};
/* End PBXVariantGroup section */

/* Begin XCBuildConfiguration section */
		D50C2A0E1CB249CD00ED6A29 /* Debug */ = {
			isa = XCBuildConfiguration;
			buildSettings = {
				ALWAYS_SEARCH_USER_PATHS = NO;
				CLANG_CXX_LANGUAGE_STANDARD = "gnu++0x";
				CLANG_CXX_LIBRARY = "libc++";
				CLANG_ENABLE_MODULES = YES;
				CLANG_ENABLE_OBJC_ARC = YES;
				CLANG_WARN_BOOL_CONVERSION = YES;
				CLANG_WARN_CONSTANT_CONVERSION = YES;
				CLANG_WARN_DIRECT_OBJC_ISA_USAGE = YES_ERROR;
				CLANG_WARN_EMPTY_BODY = YES;
				CLANG_WARN_ENUM_CONVERSION = YES;
				CLANG_WARN_INT_CONVERSION = YES;
				CLANG_WARN_OBJC_ROOT_CLASS = YES_ERROR;
				CLANG_WARN_UNREACHABLE_CODE = YES;
				CLANG_WARN__DUPLICATE_METHOD_MATCH = YES;
				"CODE_SIGN_IDENTITY[sdk=iphoneos*]" = "iPhone Developer";
				COPY_PHASE_STRIP = NO;
				DEBUG_INFORMATION_FORMAT = dwarf;
				ENABLE_STRICT_OBJC_MSGSEND = YES;
				ENABLE_TESTABILITY = YES;
				GCC_C_LANGUAGE_STANDARD = gnu99;
				GCC_DYNAMIC_NO_PIC = NO;
				GCC_NO_COMMON_BLOCKS = YES;
				GCC_OPTIMIZATION_LEVEL = 0;
				GCC_PREPROCESSOR_DEFINITIONS = (
					"DEBUG=1",
					"$(inherited)",
				);
				GCC_WARN_64_TO_32_BIT_CONVERSION = YES;
				GCC_WARN_ABOUT_RETURN_TYPE = YES_ERROR;
				GCC_WARN_UNDECLARED_SELECTOR = YES;
				GCC_WARN_UNINITIALIZED_AUTOS = YES_AGGRESSIVE;
				GCC_WARN_UNUSED_FUNCTION = YES;
				GCC_WARN_UNUSED_VARIABLE = YES;
				IPHONEOS_DEPLOYMENT_TARGET = 9.2;
				MTL_ENABLE_DEBUG_INFO = YES;
				ONLY_ACTIVE_ARCH = YES;
				SDKROOT = iphoneos;
				SWIFT_OPTIMIZATION_LEVEL = "-Onone";
				TARGETED_DEVICE_FAMILY = "1,2";
			};
			name = Debug;
		};
		D50C2A0F1CB249CD00ED6A29 /* Release */ = {
			isa = XCBuildConfiguration;
			buildSettings = {
				ALWAYS_SEARCH_USER_PATHS = NO;
				CLANG_CXX_LANGUAGE_STANDARD = "gnu++0x";
				CLANG_CXX_LIBRARY = "libc++";
				CLANG_ENABLE_MODULES = YES;
				CLANG_ENABLE_OBJC_ARC = YES;
				CLANG_WARN_BOOL_CONVERSION = YES;
				CLANG_WARN_CONSTANT_CONVERSION = YES;
				CLANG_WARN_DIRECT_OBJC_ISA_USAGE = YES_ERROR;
				CLANG_WARN_EMPTY_BODY = YES;
				CLANG_WARN_ENUM_CONVERSION = YES;
				CLANG_WARN_INT_CONVERSION = YES;
				CLANG_WARN_OBJC_ROOT_CLASS = YES_ERROR;
				CLANG_WARN_UNREACHABLE_CODE = YES;
				CLANG_WARN__DUPLICATE_METHOD_MATCH = YES;
				"CODE_SIGN_IDENTITY[sdk=iphoneos*]" = "iPhone Developer";
				COPY_PHASE_STRIP = NO;
				DEBUG_INFORMATION_FORMAT = "dwarf-with-dsym";
				ENABLE_NS_ASSERTIONS = NO;
				ENABLE_STRICT_OBJC_MSGSEND = YES;
				GCC_C_LANGUAGE_STANDARD = gnu99;
				GCC_NO_COMMON_BLOCKS = YES;
				GCC_WARN_64_TO_32_BIT_CONVERSION = YES;
				GCC_WARN_ABOUT_RETURN_TYPE = YES_ERROR;
				GCC_WARN_UNDECLARED_SELECTOR = YES;
				GCC_WARN_UNINITIALIZED_AUTOS = YES_AGGRESSIVE;
				GCC_WARN_UNUSED_FUNCTION = YES;
				GCC_WARN_UNUSED_VARIABLE = YES;
				IPHONEOS_DEPLOYMENT_TARGET = 9.2;
				MTL_ENABLE_DEBUG_INFO = NO;
				SDKROOT = iphoneos;
				TARGETED_DEVICE_FAMILY = "1,2";
				VALIDATE_PRODUCT = YES;
			};
			name = Release;
		};
		D50C2A111CB249CD00ED6A29 /* Debug */ = {
			isa = XCBuildConfiguration;
			baseConfigurationReference = 9D8FF50202707B1443C75D95 /* Pods-Tutorials.debug.xcconfig */;
			buildSettings = {
				ASSETCATALOG_COMPILER_APPICON_NAME = AppIcon;
				INFOPLIST_FILE = "$(SRCROOT)/Tutorials/Others/Info.plist";
				LD_RUNPATH_SEARCH_PATHS = "$(inherited) @executable_path/Frameworks";
				PRODUCT_BUNDLE_IDENTIFIER = id.digitaldevcasts.Tutorials;
				PRODUCT_NAME = "$(TARGET_NAME)";
			};
			name = Debug;
		};
		D50C2A121CB249CD00ED6A29 /* Release */ = {
			isa = XCBuildConfiguration;
			baseConfigurationReference = 38EAAD1C912DACFF87B71FB6 /* Pods-Tutorials.release.xcconfig */;
			buildSettings = {
				ASSETCATALOG_COMPILER_APPICON_NAME = AppIcon;
				INFOPLIST_FILE = "$(SRCROOT)/Tutorials/Others/Info.plist";
				LD_RUNPATH_SEARCH_PATHS = "$(inherited) @executable_path/Frameworks";
				PRODUCT_BUNDLE_IDENTIFIER = id.digitaldevcasts.Tutorials;
				PRODUCT_NAME = "$(TARGET_NAME)";
			};
			name = Release;
		};
/* End XCBuildConfiguration section */

/* Begin XCConfigurationList section */
		D50C29F61CB249CC00ED6A29 /* Build configuration list for PBXProject "Tutorials" */ = {
			isa = XCConfigurationList;
			buildConfigurations = (
				D50C2A0E1CB249CD00ED6A29 /* Debug */,
				D50C2A0F1CB249CD00ED6A29 /* Release */,
			);
			defaultConfigurationIsVisible = 0;
			defaultConfigurationName = Release;
		};
		D50C2A101CB249CD00ED6A29 /* Build configuration list for PBXNativeTarget "Tutorials" */ = {
			isa = XCConfigurationList;
			buildConfigurations = (
				D50C2A111CB249CD00ED6A29 /* Debug */,
				D50C2A121CB249CD00ED6A29 /* Release */,
			);
			defaultConfigurationIsVisible = 0;
			defaultConfigurationName = Release;
		};
/* End XCConfigurationList section */

/* Begin XCVersionGroup section */
		D520BE0F1CBFE89D008092D2 /* Tutorials.xcdatamodeld */ = {
			isa = XCVersionGroup;
			children = (
				D520BE101CBFE89D008092D2 /* Tutorials.xcdatamodel */,
			);
			currentVersion = D520BE101CBFE89D008092D2 /* Tutorials.xcdatamodel */;
			name = Tutorials.xcdatamodeld;
			path = Others/Tutorials.xcdatamodeld;
			sourceTree = "<group>";
			versionGroupType = wrapper.xcdatamodel;
		};
/* End XCVersionGroup section */
	};
	rootObject = D50C29F31CB249CC00ED6A29 /* Project object */;
}
