// !$*UTF8*$!
{
	archiveVersion = 1;
	classes = {
	};
	objectVersion = 46;
	objects = {

/* Begin PBXBuildFile section */
		D50C29FF1CB249CC00ED6A29 /* AppDelegate.swift in Sources */ = {isa = PBXBuildFile; fileRef = D50C29FE1CB249CC00ED6A29 /* AppDelegate.swift */; };
		D50C2A011CB249CC00ED6A29 /* ViewController.swift in Sources */ = {isa = PBXBuildFile; fileRef = D50C2A001CB249CC00ED6A29 /* ViewController.swift */; };
		D50C2A041CB249CD00ED6A29 /* Main.storyboard in Resources */ = {isa = PBXBuildFile; fileRef = D50C2A021CB249CD00ED6A29 /* Main.storyboard */; };
		D50C2A071CB249CD00ED6A29 /* Tutorials.xcdatamodeld in Sources */ = {isa = PBXBuildFile; fileRef = D50C2A051CB249CD00ED6A29 /* Tutorials.xcdatamodeld */; };
		D50C2A091CB249CD00ED6A29 /* Assets.xcassets in Resources */ = {isa = PBXBuildFile; fileRef = D50C2A081CB249CD00ED6A29 /* Assets.xcassets */; };
		D50C2A0C1CB249CD00ED6A29 /* LaunchScreen.storyboard in Resources */ = {isa = PBXBuildFile; fileRef = D50C2A0A1CB249CD00ED6A29 /* LaunchScreen.storyboard */; };
/* End PBXBuildFile section */

/* Begin PBXFileReference section */
		D50C29FB1CB249CC00ED6A29 /* Tutorials.app */ = {isa = PBXFileReference; explicitFileType = wrapper.application; includeInIndex = 0; path = Tutorials.app; sourceTree = BUILT_PRODUCTS_DIR; };
		D50C29FE1CB249CC00ED6A29 /* AppDelegate.swift */ = {isa = PBXFileReference; lastKnownFileType = sourcecode.swift; path = AppDelegate.swift; sourceTree = "<group>"; };
		D50C2A001CB249CC00ED6A29 /* ViewController.swift */ = {isa = PBXFileReference; lastKnownFileType = sourcecode.swift; path = ViewController.swift; sourceTree = "<group>"; };
		D50C2A031CB249CD00ED6A29 /* Base */ = {isa = PBXFileReference; lastKnownFileType = file.storyboard; name = Base; path = Base.lproj/Main.storyboard; sourceTree = "<group>"; };
		D50C2A061CB249CD00ED6A29 /* Tutorials.xcdatamodel */ = {isa = PBXFileReference; lastKnownFileType = wrapper.xcdatamodel; path = Tutorials.xcdatamodel; sourceTree = "<group>"; };
		D50C2A081CB249CD00ED6A29 /* Assets.xcassets */ = {isa = PBXFileReference; lastKnownFileType = folder.assetcatalog; path = Assets.xcassets; sourceTree = "<group>"; };
		D50C2A0B1CB249CD00ED6A29 /* Base */ = {isa = PBXFileReference; lastKnownFileType = file.storyboard; name = Base; path = Base.lproj/LaunchScreen.storyboard; sourceTree = "<group>"; };
		D50C2A0D1CB249CD00ED6A29 /* Info.plist */ = {isa = PBXFileReference; lastKnownFileType = text.plist.xml; path = Info.plist; sourceTree = "<group>"; };
/* End PBXFileReference section */

/* Begin PBXFrameworksBuildPhase section */
		D50C29F81CB249CC00ED6A29 /* Frameworks */ = {
			isa = PBXFrameworksBuildPhase;
			buildActionMask = 2147483647;
			files = (
			);
			runOnlyForDeploymentPostprocessing = 0;
		};
/* End PBXFrameworksBuildPhase section */

/* Begin PBXGroup section */
		D50C29F21CB249CC00ED6A29 = {
			isa = PBXGroup;
			children = (
				D50C29FD1CB249CC00ED6A29 /* Tutorials */,
				D50C29FC1CB249CC00ED6A29 /* Products */,
			);
			sourceTree = "<group>";
		};
		D50C29FC1CB249CC00ED6A29 /* Products */ = {
			isa = PBXGroup;
			children = (
				D50C29FB1CB249CC00ED6A29 /* Tutorials.app */,
			);
			name = Products;
			sourceTree = "<group>";
		};
		D50C29FD1CB249CC00ED6A29 /* Tutorials */ = {
			isa = PBXGroup;
			children = (
				D50C29FE1CB249CC00ED6A29 /* AppDelegate.swift */,
				D50C2A001CB249CC00ED6A29 /* ViewController.swift */,
				D50C2A021CB249CD00ED6A29 /* Main.storyboard */,
				D50C2A081CB249CD00ED6A29 /* Assets.xcassets */,
				D50C2A0A1CB249CD00ED6A29 /* LaunchScreen.storyboard */,
				D50C2A0D1CB249CD00ED6A29 /* Info.plist */,
				D50C2A051CB249CD00ED6A29 /* Tutorials.xcdatamodeld */,
			);
			path = Tutorials;
			sourceTree = "<group>";
		};
/* End PBXGroup section */

/* Begin PBXNativeTarget section */
		D50C29FA1CB249CC00ED6A29 /* Tutorials */ = {
			isa = PBXNativeTarget;
			buildConfigurationList = D50C2A101CB249CD00ED6A29 /* Build configuration list for PBXNativeTarget "Tutorials" */;
			buildPhases = (
				D50C29F71CB249CC00ED6A29 /* Sources */,
				D50C29F81CB249CC00ED6A29 /* Frameworks */,
				D50C29F91CB249CC00ED6A29 /* Resources */,
			);
			buildRules = (
			);
			dependencies = (
			);
			name = Tutorials;
			productName = Tutorials;
			productReference = D50C29FB1CB249CC00ED6A29 /* Tutorials.app */;
			productType = "com.apple.product-type.application";
		};
/* End PBXNativeTarget section */

/* Begin PBXProject section */
		D50C29F31CB249CC00ED6A29 /* Project object */ = {
			isa = PBXProject;
			attributes = {
				LastSwiftUpdateCheck = 0720;
				LastUpgradeCheck = 0720;
				ORGANIZATIONNAME = "Innovecto iOS";
				TargetAttributes = {
					D50C29FA1CB249CC00ED6A29 = {
						CreatedOnToolsVersion = 7.2.1;
					};
				};
			};
			buildConfigurationList = D50C29F61CB249CC00ED6A29 /* Build configuration list for PBXProject "Tutorials" */;
			compatibilityVersion = "Xcode 3.2";
			developmentRegion = English;
			hasScannedForEncodings = 0;
			knownRegions = (
				en,
				Base,
			);
			mainGroup = D50C29F21CB249CC00ED6A29;
			productRefGroup = D50C29FC1CB249CC00ED6A29 /* Products */;
			projectDirPath = "";
			projectRoot = "";
			targets = (
				D50C29FA1CB249CC00ED6A29 /* Tutorials */,
			);
		};
/* End PBXProject section */

/* Begin PBXResourcesBuildPhase section */
		D50C29F91CB249CC00ED6A29 /* Resources */ = {
			isa = PBXResourcesBuildPhase;
			buildActionMask = 2147483647;
			files = (
				D50C2A0C1CB249CD00ED6A29 /* LaunchScreen.storyboard in Resources */,
				D50C2A091CB249CD00ED6A29 /* Assets.xcassets in Resources */,
				D50C2A041CB249CD00ED6A29 /* Main.storyboard in Resources */,
			);
			runOnlyForDeploymentPostprocessing = 0;
		};
/* End PBXResourcesBuildPhase section */

/* Begin PBXSourcesBuildPhase section */
		D50C29F71CB249CC00ED6A29 /* Sources */ = {
			isa = PBXSourcesBuildPhase;
			buildActionMask = 2147483647;
			files = (
				D50C2A011CB249CC00ED6A29 /* ViewController.swift in Sources */,
				D50C2A071CB249CD00ED6A29 /* Tutorials.xcdatamodeld in Sources */,
				D50C29FF1CB249CC00ED6A29 /* AppDelegate.swift in Sources */,
			);
			runOnlyForDeploymentPostprocessing = 0;
		};
/* End PBXSourcesBuildPhase section */

/* Begin PBXVariantGroup section */
		D50C2A021CB249CD00ED6A29 /* Main.storyboard */ = {
			isa = PBXVariantGroup;
			children = (
				D50C2A031CB249CD00ED6A29 /* Base */,
			);
			name = Main.storyboard;
			sourceTree = "<group>";
		};
		D50C2A0A1CB249CD00ED6A29 /* LaunchScreen.storyboard */ = {
			isa = PBXVariantGroup;
			children = (
				D50C2A0B1CB249CD00ED6A29 /* Base */,
			);
			name = LaunchScreen.storyboard;
			sourceTree = "<group>";
		};
/* End PBXVariantGroup section */

/* Begin XCBuildConfiguration section */
		D50C2A0E1CB249CD00ED6A29 /* Debug */ = {
			isa = XCBuildConfiguration;
			buildSettings = {
				ALWAYS_SEARCH_USER_PATHS = NO;
				CLANG_CXX_LANGUAGE_STANDARD = "gnu++0x";
				CLANG_CXX_LIBRARY = "libc++";
				CLANG_ENABLE_MODULES = YES;
				CLANG_ENABLE_OBJC_ARC = YES;
				CLANG_WARN_BOOL_CONVERSION = YES;
				CLANG_WARN_CONSTANT_CONVERSION = YES;
				CLANG_WARN_DIRECT_OBJC_ISA_USAGE = YES_ERROR;
				CLANG_WARN_EMPTY_BODY = YES;
				CLANG_WARN_ENUM_CONVERSION = YES;
				CLANG_WARN_INT_CONVERSION = YES;
				CLANG_WARN_OBJC_ROOT_CLASS = YES_ERROR;
				CLANG_WARN_UNREACHABLE_CODE = YES;
				CLANG_WARN__DUPLICATE_METHOD_MATCH = YES;
				"CODE_SIGN_IDENTITY[sdk=iphoneos*]" = "iPhone Developer";
				COPY_PHASE_STRIP = NO;
				DEBUG_INFORMATION_FORMAT = dwarf;
				ENABLE_STRICT_OBJC_MSGSEND = YES;
				ENABLE_TESTABILITY = YES;
				GCC_C_LANGUAGE_STANDARD = gnu99;
				GCC_DYNAMIC_NO_PIC = NO;
				GCC_NO_COMMON_BLOCKS = YES;
				GCC_OPTIMIZATION_LEVEL = 0;
				GCC_PREPROCESSOR_DEFINITIONS = (
					"DEBUG=1",
					"$(inherited)",
				);
				GCC_WARN_64_TO_32_BIT_CONVERSION = YES;
				GCC_WARN_ABOUT_RETURN_TYPE = YES_ERROR;
				GCC_WARN_UNDECLARED_SELECTOR = YES;
				GCC_WARN_UNINITIALIZED_AUTOS = YES_AGGRESSIVE;
				GCC_WARN_UNUSED_FUNCTION = YES;
				GCC_WARN_UNUSED_VARIABLE = YES;
				IPHONEOS_DEPLOYMENT_TARGET = 9.2;
				MTL_ENABLE_DEBUG_INFO = YES;
				ONLY_ACTIVE_ARCH = YES;
				SDKROOT = iphoneos;
				SWIFT_OPTIMIZATION_LEVEL = "-Onone";
				TARGETED_DEVICE_FAMILY = "1,2";
			};
			name = Debug;
		};
		D50C2A0F1CB249CD00ED6A29 /* Release */ = {
			isa = XCBuildConfiguration;
			buildSettings = {
				ALWAYS_SEARCH_USER_PATHS = NO;
				CLANG_CXX_LANGUAGE_STANDARD = "gnu++0x";
				CLANG_CXX_LIBRARY = "libc++";
				CLANG_ENABLE_MODULES = YES;
				CLANG_ENABLE_OBJC_ARC = YES;
				CLANG_WARN_BOOL_CONVERSION = YES;
				CLANG_WARN_CONSTANT_CONVERSION = YES;
				CLANG_WARN_DIRECT_OBJC_ISA_USAGE = YES_ERROR;
				CLANG_WARN_EMPTY_BODY = YES;
				CLANG_WARN_ENUM_CONVERSION = YES;
				CLANG_WARN_INT_CONVERSION = YES;
				CLANG_WARN_OBJC_ROOT_CLASS = YES_ERROR;
				CLANG_WARN_UNREACHABLE_CODE = YES;
				CLANG_WARN__DUPLICATE_METHOD_MATCH = YES;
				"CODE_SIGN_IDENTITY[sdk=iphoneos*]" = "iPhone Developer";
				COPY_PHASE_STRIP = NO;
				DEBUG_INFORMATION_FORMAT = "dwarf-with-dsym";
				ENABLE_NS_ASSERTIONS = NO;
				ENABLE_STRICT_OBJC_MSGSEND = YES;
				GCC_C_LANGUAGE_STANDARD = gnu99;
				GCC_NO_COMMON_BLOCKS = YES;
				GCC_WARN_64_TO_32_BIT_CONVERSION = YES;
				GCC_WARN_ABOUT_RETURN_TYPE = YES_ERROR;
				GCC_WARN_UNDECLARED_SELECTOR = YES;
				GCC_WARN_UNINITIALIZED_AUTOS = YES_AGGRESSIVE;
				GCC_WARN_UNUSED_FUNCTION = YES;
				GCC_WARN_UNUSED_VARIABLE = YES;
				IPHONEOS_DEPLOYMENT_TARGET = 9.2;
				MTL_ENABLE_DEBUG_INFO = NO;
				SDKROOT = iphoneos;
				TARGETED_DEVICE_FAMILY = "1,2";
				VALIDATE_PRODUCT = YES;
			};
			name = Release;
		};
		D50C2A111CB249CD00ED6A29 /* Debug */ = {
			isa = XCBuildConfiguration;
			buildSettings = {
				ASSETCATALOG_COMPILER_APPICON_NAME = AppIcon;
				INFOPLIST_FILE = Tutorials/Info.plist;
				LD_RUNPATH_SEARCH_PATHS = "$(inherited) @executable_path/Frameworks";
				PRODUCT_BUNDLE_IDENTIFIER = id.digitaldevcasts.Tutorials;
				PRODUCT_NAME = "$(TARGET_NAME)";
			};
			name = Debug;
		};
		D50C2A121CB249CD00ED6A29 /* Release */ = {
			isa = XCBuildConfiguration;
			buildSettings = {
				ASSETCATALOG_COMPILER_APPICON_NAME = AppIcon;
				INFOPLIST_FILE = Tutorials/Info.plist;
				LD_RUNPATH_SEARCH_PATHS = "$(inherited) @executable_path/Frameworks";
				PRODUCT_BUNDLE_IDENTIFIER = id.digitaldevcasts.Tutorials;
				PRODUCT_NAME = "$(TARGET_NAME)";
			};
			name = Release;
		};
/* End XCBuildConfiguration section */

/* Begin XCConfigurationList section */
		D50C29F61CB249CC00ED6A29 /* Build configuration list for PBXProject "Tutorials" */ = {
			isa = XCConfigurationList;
			buildConfigurations = (
				D50C2A0E1CB249CD00ED6A29 /* Debug */,
				D50C2A0F1CB249CD00ED6A29 /* Release */,
			);
			defaultConfigurationIsVisible = 0;
			defaultConfigurationName = Release;
		};
		D50C2A101CB249CD00ED6A29 /* Build configuration list for PBXNativeTarget "Tutorials" */ = {
			isa = XCConfigurationList;
			buildConfigurations = (
				D50C2A111CB249CD00ED6A29 /* Debug */,
				D50C2A121CB249CD00ED6A29 /* Release */,
			);
			defaultConfigurationIsVisible = 0;
		};
/* End XCConfigurationList section */

/* Begin XCVersionGroup section */
		D50C2A051CB249CD00ED6A29 /* Tutorials.xcdatamodeld */ = {
			isa = XCVersionGroup;
			children = (
				D50C2A061CB249CD00ED6A29 /* Tutorials.xcdatamodel */,
			);
			currentVersion = D50C2A061CB249CD00ED6A29 /* Tutorials.xcdatamodel */;
			path = Tutorials.xcdatamodeld;
			sourceTree = "<group>";
			versionGroupType = wrapper.xcdatamodel;
		};
/* End XCVersionGroup section */
	};
	rootObject = D50C29F31CB249CC00ED6A29 /* Project object */;
}
